
Microsoft Visual Studio Solution File, Format Version 9.00
# Visual Studio 2005
Project("{8BC9CEB8-8B4A-11D0-8D11-00A0C91BC942}") = "test_dx", "test_dx\test_dx.vcproj", "{16F7778C-15CB-4AB2-83BD-FCCA9BC3F486}"
	ProjectSection(ProjectDependencies) = postProject
		{5358983B-0A51-409B-B4E9-59BE747139C8} = {5358983B-0A51-409B-B4E9-59BE747139C8}
		{CACF8CB9-DDB7-4D4D-A4AD-A72A5FF27B32} = {CACF8CB9-DDB7-4D4D-A4AD-A72A5FF27B32}
		{2B054DCC-2B8E-4791-8F11-F59AB423134F} = {2B054DCC-2B8E-4791-8F11-F59AB423134F}
	EndProjectSection
EndProject
Project("{8BC9CEB8-8B4A-11D0-8D11-00A0C91BC942}") = "game_engine", "game_engine\game_engine.vcproj", "{2B054DCC-2B8E-4791-8F11-F59AB423134F}"
	ProjectSection(ProjectDependencies) = postProject
		{5358983B-0A51-409B-B4E9-59BE747139C8} = {5358983B-0A51-409B-B4E9-59BE747139C8}
	EndProjectSection
EndProject
Project("{8BC9CEB8-8B4A-11D0-8D11-00A0C91BC942}") = "lib_spine", "lib_spine\lib_spine.vcproj", "{5358983B-0A51-409B-B4E9-59BE747139C8}"
EndProject
Project("{8BC9CEB8-8B4A-11D0-8D11-00A0C91BC942}") = "lib_ccbone", "lib_ccbone\lib_ccbone.vcproj", "{CACF8CB9-DDB7-4D4D-A4AD-A72A5FF27B32}"
EndProject
Global
	GlobalSection(SolutionConfigurationPlatforms) = preSolution
		Debug|Win32 = Debug|Win32
		Release|Win32 = Release|Win32
	EndGlobalSection
	GlobalSection(ProjectConfigurationPlatforms) = postSolution
		{16F7778C-15CB-4AB2-83BD-FCCA9BC3F486}.Debug|Win32.ActiveCfg = Debug|Win32
		{16F7778C-15CB-4AB2-83BD-FCCA9BC3F486}.Debug|Win32.Build.0 = Debug|Win32
		{16F7778C-15CB-4AB2-83BD-FCCA9BC3F486}.Release|Win32.ActiveCfg = Release|Win32
		{16F7778C-15CB-4AB2-83BD-FCCA9BC3F486}.Release|Win32.Build.0 = Release|Win32
		{2B054DCC-2B8E-4791-8F11-F59AB423134F}.Debug|Win32.ActiveCfg = Debug|Win32
		{2B054DCC-2B8E-4791-8F11-F59AB423134F}.Debug|Win32.Build.0 = Debug|Win32
		{2B054DCC-2B8E-4791-8F11-F59AB423134F}.Release|Win32.ActiveCfg = Release|Win32
		{2B054DCC-2B8E-4791-8F11-F59AB423134F}.Release|Win32.Build.0 = Release|Win32
		{5358983B-0A51-409B-B4E9-59BE747139C8}.Debug|Win32.ActiveCfg = Debug|Win32
		{5358983B-0A51-409B-B4E9-59BE747139C8}.Debug|Win32.Build.0 = Debug|Win32
		{5358983B-0A51-409B-B4E9-59BE747139C8}.Release|Win32.ActiveCfg = Release|Win32
		{5358983B-0A51-409B-B4E9-59BE747139C8}.Release|Win32.Build.0 = Release|Win32
		{CACF8CB9-DDB7-4D4D-A4AD-A72A5FF27B32}.Debug|Win32.ActiveCfg = Debug|Win32
		{CACF8CB9-DDB7-4D4D-A4AD-A72A5FF27B32}.Debug|Win32.Build.0 = Debug|Win32
		{CACF8CB9-DDB7-4D4D-A4AD-A72A5FF27B32}.Release|Win32.ActiveCfg = Release|Win32
		{CACF8CB9-DDB7-4D4D-A4AD-A72A5FF27B32}.Release|Win32.Build.0 = Release|Win32
	EndGlobalSection
	GlobalSection(SolutionProperties) = preSolution
		HideSolutionNode = FALSE
	EndGlobalSection
EndGlobal
